{
	"name": "brintellix_dva_-6-_sg_v3",
	"version": "0.0.63",
	"lockfileVersion": 1,
	"requires": true,
	"dependencies": {
		"cache": {
			"version": "0.0.3",
			"resolved": "https://ewizard-storage-multitenant-eu-1.s3.eu-central-1.amazonaws.com/components/6e1fe960-36bf-11ea-9cb9-29a0e11f7617.tar.gz?X-Amz-Algorithm=AWS4-HMAC-SHA256&X-Amz-Credential=AKIAWPGVIVM476G4TOFH%2F20210119%2Feu-central-1%2Fs3%2Faws4_request&X-Amz-Date=20210119T043822Z&X-Amz-Expires=300&X-Amz-Signature=724062ac337944b4c63a13f3fb229025f6e726a9c3e23143d2194a82ab40b1c3&X-Amz-SignedHeaders=host&response-content-disposition=attachment%3Bfilename%2A%3DUTF-8%27%27cache.tar.gz",
			"integrity": "sha1-k/SawN6DYNnfAv8mNCF1bTTam1s="
		},
		"chapter": {
			"version": "1.3.2",
			"resolved": "https://ewizard-storage-multitenant-eu-1.s3.eu-central-1.amazonaws.com/components/590c7fce6463ef002b792f69.tar.gz?X-Amz-Algorithm=AWS4-HMAC-SHA256&X-Amz-Credential=AKIAWPGVIVM476G4TOFH%2F20210119%2Feu-central-1%2Fs3%2Faws4_request&X-Amz-Date=20210119T043823Z&X-Amz-Expires=300&X-Amz-Signature=f186f74a7c0d6ee85a6a63256d569fd130e7d366b69c8842187a37dc5e6d04f5&X-Amz-SignedHeaders=host&response-content-disposition=attachment%3Bfilename%2A%3DUTF-8%27%27chapter.tar.gz",
			"integrity": "sha1-uc3udcTKHKdWUAK7V6qPrsiVD9k="
		},
		"co-button": {
			"version": "3.4.3",
			"resolved": "https://ewizard-storage-multitenant-eu-1.s3.eu-central-1.amazonaws.com/components/a04ce880-36a5-11ea-bf1d-a3e5271bd25c.tar.gz?X-Amz-Algorithm=AWS4-HMAC-SHA256&X-Amz-Credential=AKIAWPGVIVM476G4TOFH%2F20210119%2Feu-central-1%2Fs3%2Faws4_request&X-Amz-Date=20210119T043822Z&X-Amz-Expires=300&X-Amz-Signature=6909d0cc70234c7436d00822cf42b9be0e5f1db7541030cbaa5cb9d35f8b30ba&X-Amz-SignedHeaders=host&response-content-disposition=attachment%3Bfilename%2A%3DUTF-8%27%27co-button.tar.gz",
			"integrity": "sha1-TGBj7oBEfMpZQ4+OJyygqPT2jmc=",
			"requires": {
				"component": "~0.12.9"
			}
		},
		"co-collection": {
			"version": "4.3.6",
			"resolved": "https://ewizard-storage-multitenant-eu-1.s3.eu-central-1.amazonaws.com/components/9e3ad160-36a5-11ea-a7ab-fc8408927654.tar.gz?X-Amz-Algorithm=AWS4-HMAC-SHA256&X-Amz-Credential=AKIAWPGVIVM476G4TOFH%2F20210119%2Feu-central-1%2Fs3%2Faws4_request&X-Amz-Date=20210119T043622Z&X-Amz-Expires=300&X-Amz-Signature=75bb1ab063565803f07b7d7edeeb0c398d3ae11cd907435e3185ede0884ac500&X-Amz-SignedHeaders=host&response-content-disposition=attachment%3Bfilename%2A%3DUTF-8%27%27co-collection.tar.gz",
			"integrity": "sha1-327ZjwmPPo9FPWD/0SeNJ9x4+9g=",
			"requires": {
				"co-collection-item": "^2.3.5",
				"component": "~0.12.9"
			}
		},
		"co-collection-item": {
			"version": "2.3.5",
			"resolved": "https://ewizard-storage-multitenant-eu-1.s3.eu-central-1.amazonaws.com/components/64ba82f0-36a5-11ea-9c77-052bbe173bc1.tar.gz?X-Amz-Algorithm=AWS4-HMAC-SHA256&X-Amz-Credential=AKIAWPGVIVM476G4TOFH%2F20210119%2Feu-central-1%2Fs3%2Faws4_request&X-Amz-Date=20210119T043821Z&X-Amz-Expires=300&X-Amz-Signature=35ac52290dd5b0e044949f086f0fbfd9f4edcee521603adf1a838c33b704cc96&X-Amz-SignedHeaders=host&response-content-disposition=attachment%3Bfilename%2A%3DUTF-8%27%27co-collection-item.tar.gz",
			"integrity": "sha1-gnRXAllM2NXzJxBDCb/FFZxWoBw=",
			"requires": {
				"component": "~0.12.9"
			}
		},
		"co-container": {
			"version": "3.0.2",
			"resolved": "https://ewizard-storage-multitenant-eu-1.s3.eu-central-1.amazonaws.com/components/a722a230-36a5-11ea-aed2-0017f70cd050.tar.gz?X-Amz-Algorithm=AWS4-HMAC-SHA256&X-Amz-Credential=AKIAWPGVIVM476G4TOFH%2F20210119%2Feu-central-1%2Fs3%2Faws4_request&X-Amz-Date=20210119T043622Z&X-Amz-Expires=300&X-Amz-Signature=fa159f3a706bd359056257b6a495c70e96867ec2955860d426ccef83a89fd0c0&X-Amz-SignedHeaders=host&response-content-disposition=attachment%3Bfilename%2A%3DUTF-8%27%27co-container.tar.gz",
			"integrity": "sha1-NbI6dl/A3eEPOnjuG+Yk+U6CaaA=",
			"requires": {
				"component": "~0.12.9"
			}
		},
		"co-container-extend": {
			"version": "1.2.4",
			"resolved": "https://ewizard-storage-multitenant-eu-1.s3.eu-central-1.amazonaws.com/components/96edebe0-36a5-11ea-95f0-a0ebe4195c91.tar.gz?X-Amz-Algorithm=AWS4-HMAC-SHA256&X-Amz-Credential=AKIAWPGVIVM476G4TOFH%2F20220410%2Feu-central-1%2Fs3%2Faws4_request&X-Amz-Date=20220410T164725Z&X-Amz-Expires=300&X-Amz-Signature=e70e189133980131d8d56f3e2f649e44f17cfdf265c80061499a503381425223&X-Amz-SignedHeaders=host&response-content-disposition=attachment%3Bfilename%2A%3DUTF-8%27%27co-container-extend.tar.gz",
			"integrity": "sha1-0MbITlB0cssEHAxaLyS7RCR3LSc=",
			"requires": {
				"component": "~0.12.9"
			}
		},
		"co-extended-card": {
			"version": "2.3.11",
			"resolved": "https://ewizard-storage-multitenant-eu-1.s3.eu-central-1.amazonaws.com/components/9dd09de0-36a5-11ea-955d-1bbad437102a.tar.gz?X-Amz-Algorithm=AWS4-HMAC-SHA256&X-Amz-Credential=AKIAWPGVIVM476G4TOFH%2F20210119%2Feu-central-1%2Fs3%2Faws4_request&X-Amz-Date=20210119T043623Z&X-Amz-Expires=300&X-Amz-Signature=00053fac46c716a27fd698a583ff1ebf20ca957bba7b9a3ebe419e14c0b9a6e4&X-Amz-SignedHeaders=host&response-content-disposition=attachment%3Bfilename%2A%3DUTF-8%27%27co-extended-card.tar.gz",
			"integrity": "sha1-HE33q4qD2NtdbqFE+c+70rVGF1Q=",
			"requires": {
				"co-image": "~2.3.7",
				"co-text": "~2.4.7",
				"component": "~0.12.9",
				"textable-component": "~1.4.3"
			}
		},
		"co-image": {
			"version": "2.3.9",
			"resolved": "https://ewizard-storage-multitenant-eu-1.s3.eu-central-1.amazonaws.com/components/b0c892e0-36a5-11ea-a11d-21d51257ce2b.tar.gz?X-Amz-Algorithm=AWS4-HMAC-SHA256&X-Amz-Credential=AKIAWPGVIVM476G4TOFH%2F20210119%2Feu-central-1%2Fs3%2Faws4_request&X-Amz-Date=20210119T043623Z&X-Amz-Expires=300&X-Amz-Signature=e06df3982c4a740dfaca26d061e8cce6d4533b391fdafe5f9b168283ff00b745&X-Amz-SignedHeaders=host&response-content-disposition=attachment%3Bfilename%2A%3DUTF-8%27%27co-image.tar.gz",
			"integrity": "sha1-YE+1y9oMnu7BgvT8N3KABIXNa0w=",
			"requires": {
				"component": "~0.12.9"
			}
		},
		"co-iscroll": {
			"version": "3.3.10",
			"resolved": "https://ewizard-storage-multitenant-eu-1.s3.eu-central-1.amazonaws.com/components/144cc2b0-184f-11eb-9821-c628da520588.tar.gz?X-Amz-Algorithm=AWS4-HMAC-SHA256&X-Amz-Credential=AKIAWPGVIVM476G4TOFH%2F20210119%2Feu-central-1%2Fs3%2Faws4_request&X-Amz-Date=20210119T043622Z&X-Amz-Expires=300&X-Amz-Signature=a30bfb71ab1b3d66ca8bcdbae80bb9e66176f8b5c314e9a03e66ab5ef5afdeb5&X-Amz-SignedHeaders=host&response-content-disposition=attachment%3Bfilename%2A%3DUTF-8%27%27co-iscroll.tar.gz",
			"integrity": "sha1-ApyJX4rgryP/+DIPkSXYGG8bHcw=",
			"requires": {
				"co-container": "~3.0.2",
				"component": "~0.12.9",
				"iscroll": "git+https://github.com/cubiq/iscroll.git#v5.2.0"
			}
		},
		"co-menu": {
			"version": "2.4.1",
			"resolved": "https://ewizard-storage-multitenant-eu-1.s3.eu-central-1.amazonaws.com/components/aa2b4e50-36a5-11ea-9703-0d377f99e864.tar.gz?X-Amz-Algorithm=AWS4-HMAC-SHA256&X-Amz-Credential=AKIAWPGVIVM476G4TOFH%2F20210119%2Feu-central-1%2Fs3%2Faws4_request&X-Amz-Date=20210119T043822Z&X-Amz-Expires=300&X-Amz-Signature=4c078eefba213fa7c5c50da61104def8687cdd15ffe8a8e60748d981a062b527&X-Amz-SignedHeaders=host&response-content-disposition=attachment%3Bfilename%2A%3DUTF-8%27%27co-menu.tar.gz",
			"integrity": "sha1-QOEKc9ZEbVMf40z7dPQzvIVjht0=",
			"requires": {
				"co-iscroll": "~3.3.0",
				"co-select": "~2.3.0",
				"component": "~0.12.9"
			}
		},
		"co-option": {
			"version": "2.2.6",
			"resolved": "https://ewizard-storage-multitenant-eu-1.s3.eu-central-1.amazonaws.com/components/b08436e0-36a5-11ea-92bf-6290cd1bfafc.tar.gz?X-Amz-Algorithm=AWS4-HMAC-SHA256&X-Amz-Credential=AKIAWPGVIVM476G4TOFH%2F20210119%2Feu-central-1%2Fs3%2Faws4_request&X-Amz-Date=20210119T043821Z&X-Amz-Expires=300&X-Amz-Signature=bfb798bd60d7c514ccd12ea8fa2f656d3cc2938290addb5c31ccff88f4889ee7&X-Amz-SignedHeaders=host&response-content-disposition=attachment%3Bfilename%2A%3DUTF-8%27%27co-option.tar.gz",
			"integrity": "sha1-ys1WrgZnlz8BLcdLt0offOiAtgg=",
			"requires": {
				"component": "~0.12.9"
			}
		},
		"co-output-slider": {
			"version": "2.2.9",
			"resolved": "https://ewizard-storage-multitenant-eu-1.s3.eu-central-1.amazonaws.com/components/78966f50-36a5-11ea-9a38-e7298902b3af.tar.gz?X-Amz-Algorithm=AWS4-HMAC-SHA256&X-Amz-Credential=AKIAWPGVIVM476G4TOFH%2F20210119%2Feu-central-1%2Fs3%2Faws4_request&X-Amz-Date=20210119T043622Z&X-Amz-Expires=300&X-Amz-Signature=33c90577a1c39b067c053c806adffdea08836306844dd9787c3554333a0f34ad&X-Amz-SignedHeaders=host&response-content-disposition=attachment%3Bfilename%2A%3DUTF-8%27%27co-output-slider.tar.gz",
			"integrity": "sha1-Fvtx9GCtWo/3pWomXj/LLhIKQJY=",
			"requires": {
				"co-slider": "~3.3.9",
				"component": "~0.12.9"
			}
		},
		"co-popup": {
			"version": "2.9.7",
			"resolved": "https://ewizard-storage-multitenant-eu-1.s3.eu-central-1.amazonaws.com/components/347316d0-cc27-11ea-9518-af5c920e1986.tar.gz?X-Amz-Algorithm=AWS4-HMAC-SHA256&X-Amz-Credential=AKIAWPGVIVM476G4TOFH%2F20210119%2Feu-central-1%2Fs3%2Faws4_request&X-Amz-Date=20210119T043622Z&X-Amz-Expires=300&X-Amz-Signature=2deb20ed0fd987c26eb1729cfb2b6f839bd145e2119e57fb093d410816f20539&X-Amz-SignedHeaders=host&response-content-disposition=attachment%3Bfilename%2A%3DUTF-8%27%27co-popup.tar.gz",
			"integrity": "sha1-0RRhu7UeK5l6Yg7rIg8brKp8lLM=",
			"requires": {
				"co-button": "~3.4.3",
				"co-container": "~3.0.2",
				"co-image": "~2.3.9",
				"co-shower": "~2.5.1",
				"component": "~0.12.9"
			}
		},
		"co-select": {
			"version": "2.3.3",
			"resolved": "https://ewizard-storage-multitenant-eu-1.s3.eu-central-1.amazonaws.com/components/78e7eab0-36a5-11ea-b4c8-177a08afb2e0.tar.gz?X-Amz-Algorithm=AWS4-HMAC-SHA256&X-Amz-Credential=AKIAWPGVIVM476G4TOFH%2F20210119%2Feu-central-1%2Fs3%2Faws4_request&X-Amz-Date=20210119T043823Z&X-Amz-Expires=300&X-Amz-Signature=67523bc08bb6784cc65ed6c161f3d4478dbbc0204ffbed2a230fac9a04b9fde6&X-Amz-SignedHeaders=host&response-content-disposition=attachment%3Bfilename%2A%3DUTF-8%27%27co-select.tar.gz",
			"integrity": "sha1-meVxVYoeiFQod68NhEpO7dINg80=",
			"requires": {
				"component": "~0.12.9"
			}
		},
		"co-shower": {
			"version": "2.5.3",
			"resolved": "https://ewizard-storage-multitenant-eu-1.s3.eu-central-1.amazonaws.com/components/9e3189f0-c1cb-11ea-ab63-a1c0fa7b0bf8.tar.gz?X-Amz-Algorithm=AWS4-HMAC-SHA256&X-Amz-Credential=AKIAWPGVIVM476G4TOFH%2F20210119%2Feu-central-1%2Fs3%2Faws4_request&X-Amz-Date=20210119T043822Z&X-Amz-Expires=300&X-Amz-Signature=79b1cf59998816ffc9d5b219f283941fdebb06a29d9fb15b0e1198392d2d967b&X-Amz-SignedHeaders=host&response-content-disposition=attachment%3Bfilename%2A%3DUTF-8%27%27co-shower.tar.gz",
			"integrity": "sha1-1Sxk65pjHVNyN7JjgFu+1EPwFu4=",
			"requires": {
				"component": "~0.12.9"
			}
		},
		"co-slider": {
			"version": "3.3.13",
			"resolved": "https://ewizard-storage-multitenant-eu-1.s3.eu-central-1.amazonaws.com/components/9bcc4260-36a5-11ea-b2f0-d9038a0550af.tar.gz?X-Amz-Algorithm=AWS4-HMAC-SHA256&X-Amz-Credential=AKIAWPGVIVM476G4TOFH%2F20210119%2Feu-central-1%2Fs3%2Faws4_request&X-Amz-Date=20210119T043821Z&X-Amz-Expires=300&X-Amz-Signature=a5b6b44493cf383f0826210faf512f1e4887cf75d1b5a266a4447a2fcbc1e7f6&X-Amz-SignedHeaders=host&response-content-disposition=attachment%3Bfilename%2A%3DUTF-8%27%27co-slider.tar.gz",
			"integrity": "sha1-dHBZeR2nQ0rFDWJZqAli9eIkRX4=",
			"requires": {
				"co-container": "~3.0.1",
				"component": "~0.12.9"
			}
		},
		"co-tab-group": {
			"version": "2.5.3",
			"resolved": "https://ewizard-storage-multitenant-eu-1.s3.eu-central-1.amazonaws.com/components/aeee0680-36a5-11ea-be56-1e9db2321218.tar.gz?X-Amz-Algorithm=AWS4-HMAC-SHA256&X-Amz-Credential=AKIAWPGVIVM476G4TOFH%2F20210119%2Feu-central-1%2Fs3%2Faws4_request&X-Amz-Date=20210119T043821Z&X-Amz-Expires=300&X-Amz-Signature=a47f337d747ae0205acaf4d2f01fd99f53fd20db4529dc86f8e17f1435f6732d&X-Amz-SignedHeaders=host&response-content-disposition=attachment%3Bfilename%2A%3DUTF-8%27%27co-tab-group.tar.gz",
			"integrity": "sha1-Jdqo+2kH2vLdME0mnqC1svcFibo=",
			"requires": {
				"co-container": "~3.0.2",
				"co-menu": "~2.4.1",
				"component": "~0.12.9"
			}
		},
		"co-table": {
			"version": "7.4.11",
			"resolved": "https://ewizard-storage-multitenant-eu-1.s3.eu-central-1.amazonaws.com/components/b38a9910-36a5-11ea-9d47-7ee988596460.tar.gz?X-Amz-Algorithm=AWS4-HMAC-SHA256&X-Amz-Credential=AKIAWPGVIVM476G4TOFH%2F20210119%2Feu-central-1%2Fs3%2Faws4_request&X-Amz-Date=20210119T043623Z&X-Amz-Expires=300&X-Amz-Signature=b31d21d0b064a3de4b463829cbe0b0c0010b7b1bb6634f4f84c150fae20a3aba&X-Amz-SignedHeaders=host&response-content-disposition=attachment%3Bfilename%2A%3DUTF-8%27%27co-table.tar.gz",
			"integrity": "sha1-H6CKYpqC4D4/QacUkkEw95KyJCE=",
			"requires": {
				"co-iscroll": "~2.6.0",
				"co-text": "~2.4.8",
				"component": "~0.12.9"
			},
			"dependencies": {
				"co-iscroll": {
					"version": "2.6.2",
					"resolved": "https://ewizard-storage-multitenant-eu-1.s3.eu-central-1.amazonaws.com/components/59f730f8f68274002d99bfe4.tar.gz?X-Amz-Algorithm=AWS4-HMAC-SHA256&X-Amz-Credential=AKIAWPGVIVM476G4TOFH%2F20210119%2Feu-central-1%2Fs3%2Faws4_request&X-Amz-Date=20210119T043622Z&X-Amz-Expires=300&X-Amz-Signature=4f0f3a9f9664a27875bc8761c328881a2cd0fd4497bb3ac169a44c280eeef5d4&X-Amz-SignedHeaders=host&response-content-disposition=attachment%3Bfilename%2A%3DUTF-8%27%27co-iscroll.tar.gz",
					"integrity": "sha1-sBwDUTy8Y4B1ru2QgXLug/8ZacU=",
					"requires": {
						"component": "~0.12.0",
						"iscroll": "git+https://github.com/cubiq/iscroll.git#v5.2.0"
					}
				}
			}
		},
		"co-tabs": {
			"version": "2.3.14",
			"resolved": "https://ewizard-storage-multitenant-eu-1.s3.eu-central-1.amazonaws.com/components/b2ecf980-36a5-11ea-9915-59503dc0d03d.tar.gz?X-Amz-Algorithm=AWS4-HMAC-SHA256&X-Amz-Credential=AKIAWPGVIVM476G4TOFH%2F20210119%2Feu-central-1%2Fs3%2Faws4_request&X-Amz-Date=20210119T043622Z&X-Amz-Expires=300&X-Amz-Signature=47225909300e192ee21392fd686a6c3ba603c93ae50a97e65bebce678e249a98&X-Amz-SignedHeaders=host&response-content-disposition=attachment%3Bfilename%2A%3DUTF-8%27%27co-tabs.tar.gz",
			"integrity": "sha1-50VWLfrhURj0tBMkegp6iA5gYSk=",
			"requires": {
				"co-collection": "~4.3.6",
				"co-collection-item": "~2.3.5",
				"co-container": "~3.0.2",
				"co-image": "~2.3.9",
				"co-iscroll": "~3.2.2",
				"co-option": "~2.2.6",
				"co-tab-group": "~2.5.3",
				"co-text": "~2.4.8",
				"component": "~0.12.9"
			},
			"dependencies": {
				"co-iscroll": {
					"version": "3.2.2",
					"resolved": "https://ewizard-storage-multitenant-eu-1.s3.eu-central-1.amazonaws.com/components/5b923a37d74be800377a4107.tar.gz?X-Amz-Algorithm=AWS4-HMAC-SHA256&X-Amz-Credential=AKIAWPGVIVM476G4TOFH%2F20210119%2Feu-central-1%2Fs3%2Faws4_request&X-Amz-Date=20210119T043622Z&X-Amz-Expires=300&X-Amz-Signature=980461001c2ebb22816784fcf01a2dced189ef67d544c49e037617336ea070f2&X-Amz-SignedHeaders=host&response-content-disposition=attachment%3Bfilename%2A%3DUTF-8%27%27co-iscroll.tar.gz",
					"integrity": "sha1-6m5b7Q6KHcHAKVafOvqenR3hGc8=",
					"requires": {
						"co-container": "~2.6.0",
						"component": "~0.12.9",
						"iscroll": "git+https://github.com/cubiq/iscroll.git#v5.2.0"
					},
					"dependencies": {
						"co-container": {
							"version": "2.6.4",
							"resolved": "https://ewizard-storage-multitenant-eu-1.s3.eu-central-1.amazonaws.com/components/5ad9b66f9a7c14002d6865e9.tar.gz?X-Amz-Algorithm=AWS4-HMAC-SHA256&X-Amz-Credential=AKIAWPGVIVM476G4TOFH%2F20210119%2Feu-central-1%2Fs3%2Faws4_request&X-Amz-Date=20210119T043622Z&X-Amz-Expires=300&X-Amz-Signature=ffd61e9627eff4c3afb4acf5d90d161d9b249c7bce2f32d7deccbaaf782c42a5&X-Amz-SignedHeaders=host&response-content-disposition=attachment%3Bfilename%2A%3DUTF-8%27%27co-container.tar.gz",
							"integrity": "sha1-zB1XqXBN/m3DKt+1jeehuXi/Ce0=",
							"requires": {
								"component": "~0.12.9"
							}
						}
					}
				}
			}
		},
		"co-text": {
			"version": "2.4.8",
			"resolved": "https://ewizard-storage-multitenant-eu-1.s3.eu-central-1.amazonaws.com/components/9b9776c0-36a5-11ea-9d33-26e09b361e1f.tar.gz?X-Amz-Algorithm=AWS4-HMAC-SHA256&X-Amz-Credential=AKIAWPGVIVM476G4TOFH%2F20210119%2Feu-central-1%2Fs3%2Faws4_request&X-Amz-Date=20210119T043622Z&X-Amz-Expires=300&X-Amz-Signature=37da065690806133dfe5f15203bfcc7d534f5de7d9326d2c4378c8881af84e1f&X-Amz-SignedHeaders=host&response-content-disposition=attachment%3Bfilename%2A%3DUTF-8%27%27co-text.tar.gz",
			"integrity": "sha1-oEQ+8dUC8BnZLamFGc2k6d7Rvqs=",
			"requires": {
				"component": "~0.12.9",
				"textable-component": "~1.4.2"
			}
		},
		"co-text-button": {
			"version": "2.4.0",
			"resolved": "https://ewizard-storage-multitenant-eu-1.s3.eu-central-1.amazonaws.com/components/9dd6df70-36a5-11ea-a4d1-3b5a313f7945.tar.gz?X-Amz-Algorithm=AWS4-HMAC-SHA256&X-Amz-Credential=AKIAWPGVIVM476G4TOFH%2F20210119%2Feu-central-1%2Fs3%2Faws4_request&X-Amz-Date=20210119T043623Z&X-Amz-Expires=300&X-Amz-Signature=66f9e5ff9a9a3c5cbf0d7dd34fa884ce6f9624d5138ae19106d45bda76ae8ee4&X-Amz-SignedHeaders=host&response-content-disposition=attachment%3Bfilename%2A%3DUTF-8%27%27co-text-button.tar.gz",
			"integrity": "sha1-UdxQD/dCKwLBEsMiAFhVhIFNKZU=",
			"requires": {
				"co-button": "~3.4.3",
				"co-text": "~2.4.8",
				"component": "~0.12.9"
			}
		},
		"co-textarea": {
			"version": "2.3.10",
			"resolved": "https://ewizard-storage-multitenant-eu-1.s3.eu-central-1.amazonaws.com/components/6d608fd0-36a5-11ea-9942-f0e55e2be808.tar.gz?X-Amz-Algorithm=AWS4-HMAC-SHA256&X-Amz-Credential=AKIAWPGVIVM476G4TOFH%2F20210119%2Feu-central-1%2Fs3%2Faws4_request&X-Amz-Date=20210119T043623Z&X-Amz-Expires=300&X-Amz-Signature=7d781ad6beb220fa7402a3a427721663612d549bbdebcbbffaf3ffaba2a78076&X-Amz-SignedHeaders=host&response-content-disposition=attachment%3Bfilename%2A%3DUTF-8%27%27co-textarea.tar.gz",
			"integrity": "sha1-TZ38WfjlxOVUvHrjPGrNUSkIBCE=",
			"requires": {
				"component": "~0.12.9"
			}
		},
		"co-video": {
			"version": "3.7.1",
			"resolved": "https://ewizard-storage-multitenant-eu-1.s3.eu-central-1.amazonaws.com/components/6040ff50-db15-11ea-81bf-767084e335e4.tar.gz?X-Amz-Algorithm=AWS4-HMAC-SHA256&X-Amz-Credential=AKIAWPGVIVM476G4TOFH%2F20210119%2Feu-central-1%2Fs3%2Faws4_request&X-Amz-Date=20210119T043623Z&X-Amz-Expires=300&X-Amz-Signature=243c86dff9d63d7758e5cd389875d0d2454103d0b4172eef44e71a3e1c98c236&X-Amz-SignedHeaders=host&response-content-disposition=attachment%3Bfilename%2A%3DUTF-8%27%27co-video.tar.gz",
			"integrity": "sha1-H6M+E3eGnJHh4hfshfv7lKuVu3g=",
			"requires": {
				"co-slider": "~3.3.13",
				"component": "~0.12.9",
				"playing": "~2.0.1"
			}
		},
		"component": {
			"version": "0.12.11",
			"resolved": "https://ewizard-storage-multitenant-eu-1.s3.eu-central-1.amazonaws.com/components/6e729d40-36bf-11ea-bdd8-ef25b57d5ccf.tar.gz?X-Amz-Algorithm=AWS4-HMAC-SHA256&X-Amz-Credential=AKIAWPGVIVM476G4TOFH%2F20210119%2Feu-central-1%2Fs3%2Faws4_request&X-Amz-Date=20210119T043821Z&X-Amz-Expires=300&X-Amz-Signature=e36599e18fc6c3eb9cb33a12705818e6b0a868f1d12428416170498ce7a6ce93&X-Amz-SignedHeaders=host&response-content-disposition=attachment%3Bfilename%2A%3DUTF-8%27%27component.tar.gz",
			"integrity": "sha1-jqiNk7k5Ocxl01JFjAFhtbnTsZM=",
			"requires": {
				"cache": "~0.0.3",
				"loader": "~0.2.3",
				"utils": "~1.6.3"
			}
		},
		"core": {
			"version": "3.7.0",
			"resolved": "https://ewizard-storage-multitenant-eu-1.s3.eu-central-1.amazonaws.com/components/77ed4b50-36d7-11ea-8360-facb69e4a0ce.tar.gz?X-Amz-Algorithm=AWS4-HMAC-SHA256&X-Amz-Credential=AKIAWPGVIVM476G4TOFH%2F20210119%2Feu-central-1%2Fs3%2Faws4_request&X-Amz-Date=20210119T043620Z&X-Amz-Expires=300&X-Amz-Signature=b10d9f8520382ef9550c9681f15ad06b252f664e22ca94c38a44062146d6070a&X-Amz-SignedHeaders=host&response-content-disposition=attachment%3Bfilename%2A%3DUTF-8%27%27core.tar.gz",
			"integrity": "sha1-GKh33/30uwD3onb1kpo/SdNpNAo="
		},
		"es6-promise": {
			"version": "4.2.8",
			"resolved": "https://registry.npmjs.org/es6-promise/-/es6-promise-4.2.8.tgz",
			"integrity": "sha512-HJDGx5daxeIvxdBxvG2cb9g4tEvwIk3i8+nhX0yGrYmZUzbkdg8QbDevheDB8gd0//uPj4c1EQua8Q+MViT0/w=="
		},
		"iscroll": {
			"version": "git+https://github.com/cubiq/iscroll.git#75c546d5cf53a3bc049429eac809a8764f717ea0",
			"from": "git+https://github.com/cubiq/iscroll.git#v5.2.0"
		},
		"jquery": {
			"version": "3.5.1",
			"resolved": "https://registry.npmjs.org/jquery/-/jquery-3.5.1.tgz",
			"integrity": "sha512-XwIBPqcMn57FxfT+Go5pzySnm4KWkT1Tv7gjrpT1srtf8Weynl6R273VJ5GjkRb51IzMp5nbaPjJXMWeju2MKg=="
		},
		"loader": {
			"version": "0.2.3",
			"resolved": "https://ewizard-storage-multitenant-eu-1.s3.eu-central-1.amazonaws.com/components/5ad898499a7c14002d6865e2.tar.gz?X-Amz-Algorithm=AWS4-HMAC-SHA256&X-Amz-Credential=AKIAWPGVIVM476G4TOFH%2F20210119%2Feu-central-1%2Fs3%2Faws4_request&X-Amz-Date=20210119T043822Z&X-Amz-Expires=300&X-Amz-Signature=6953a268e2b29d2e9e801a9cb43b11d62a8b7a95ab820007034a71c343316fe2&X-Amz-SignedHeaders=host&response-content-disposition=attachment%3Bfilename%2A%3DUTF-8%27%27loader.tar.gz",
			"integrity": "sha1-nVvSR87Ixd0APRzvKwlIVHEiHWA="
		},
		"lodash-template": {
			"version": "1.0.0",
			"resolved": "https://registry.npmjs.org/lodash-template/-/lodash-template-1.0.0.tgz",
			"integrity": "sha1-jQjZMBRzqqhh46JnN5Q4Pxg/ytk="
		},
		"nav": {
			"version": "1.7.6",
			"resolved": "https://ewizard-storage-multitenant-eu-1.s3.eu-central-1.amazonaws.com/components/590c80d06463ef002b793125.tar.gz?X-Amz-Algorithm=AWS4-HMAC-SHA256&X-Amz-Credential=AKIAWPGVIVM476G4TOFH%2F20210119%2Feu-central-1%2Fs3%2Faws4_request&X-Amz-Date=20210119T043823Z&X-Amz-Expires=300&X-Amz-Signature=30d8596efbb397ee19b4ad1d2f7c4211e60743817dac6078ea89def4d183d72a&X-Amz-SignedHeaders=host&response-content-disposition=attachment%3Bfilename%2A%3DUTF-8%27%27nav.tar.gz",
			"integrity": "sha1-Q2KT3/i1M+7BXFwBFDdqOfaPEmE="
		},
		"params": {
			"version": "1.1.1",
			"resolved": "https://ewizard-storage-multitenant-eu-1.s3.eu-central-1.amazonaws.com/components/5a6f0fbc6e090d002d31ca9c.tar.gz?X-Amz-Algorithm=AWS4-HMAC-SHA256&X-Amz-Credential=AKIAWPGVIVM476G4TOFH%2F20210119%2Feu-central-1%2Fs3%2Faws4_request&X-Amz-Date=20210119T043822Z&X-Amz-Expires=300&X-Amz-Signature=eee638132222b2527e3134b5c3c21865362e68cbd55319d122478004a1c66872&X-Amz-SignedHeaders=host&response-content-disposition=attachment%3Bfilename%2A%3DUTF-8%27%27params.tar.gz",
			"integrity": "sha1-nKtDvvl6rWQ1muOmXGGv4Ix2k9c="
		},
		"playing": {
			"version": "2.0.1",
			"resolved": "https://ewizard-storage-multitenant-eu-1.s3.eu-central-1.amazonaws.com/components/5a6f171d6e090d002d31cc35.tar.gz?X-Amz-Algorithm=AWS4-HMAC-SHA256&X-Amz-Credential=AKIAWPGVIVM476G4TOFH%2F20210119%2Feu-central-1%2Fs3%2Faws4_request&X-Amz-Date=20210119T043822Z&X-Amz-Expires=300&X-Amz-Signature=e27992eca2ecb54fc4aa38b8ed5e5274fceb62a7a3d1d55b70de3b3ab94f2092&X-Amz-SignedHeaders=host&response-content-disposition=attachment%3Bfilename%2A%3DUTF-8%27%27playing.tar.gz",
			"integrity": "sha1-YxsEt15VThgCKq1AfLn+W5KTdEU="
		},
		"polyfill": {
			"version": "2.0.2",
			"resolved": "https://ewizard-storage-multitenant-eu-1.s3.eu-central-1.amazonaws.com/components/5a6f14a56e090d002d31cbb0.tar.gz?X-Amz-Algorithm=AWS4-HMAC-SHA256&X-Amz-Credential=AKIAWPGVIVM476G4TOFH%2F20210119%2Feu-central-1%2Fs3%2Faws4_request&X-Amz-Date=20210119T043822Z&X-Amz-Expires=300&X-Amz-Signature=d242d47a3ac294f4a003a190c738c0a102404484318e1dfa47f0a069ee951d49&X-Amz-SignedHeaders=host&response-content-disposition=attachment%3Bfilename%2A%3DUTF-8%27%27polyfill.tar.gz",
			"integrity": "sha1-gWhGFjPX3UKj2kUFrMMGy6inXzA=",
			"requires": {
				"es6-promise": "^4.0.4"
			}
		},
		"prefixer": {
			"version": "1.2.0",
			"resolved": "https://ewizard-storage-multitenant-eu-1.s3.eu-central-1.amazonaws.com/components/5a6f0b6e6e090d002d31c928.tar.gz?X-Amz-Algorithm=AWS4-HMAC-SHA256&X-Amz-Credential=AKIAWPGVIVM476G4TOFH%2F20210119%2Feu-central-1%2Fs3%2Faws4_request&X-Amz-Date=20210119T043822Z&X-Amz-Expires=300&X-Amz-Signature=aa2d8ed2c97db0f82e0121427e0f69ce8d29b0150caf41b367436e593380f081&X-Amz-SignedHeaders=host&response-content-disposition=attachment%3Bfilename%2A%3DUTF-8%27%27prefixer.tar.gz",
			"integrity": "sha1-NdRkyqJjU6T8X4upaKLYcdm5sFc="
		},
		"presentation-identifier": {
			"version": "0.0.1",
			"resolved": "https://ewizard-storage-multitenant-eu-1.s3.eu-central-1.amazonaws.com/components/590c7f7c6463ef002b792f13.tar.gz?X-Amz-Algorithm=AWS4-HMAC-SHA256&X-Amz-Credential=AKIAWPGVIVM476G4TOFH%2F20210119%2Feu-central-1%2Fs3%2Faws4_request&X-Amz-Date=20210119T043822Z&X-Amz-Expires=300&X-Amz-Signature=710f8cce91c569af5ef8692a5435c816327b5438a57a3cafd4ddf3723a46144c&X-Amz-SignedHeaders=host&response-content-disposition=attachment%3Bfilename%2A%3DUTF-8%27%27presentation-identifier.tar.gz",
			"integrity": "sha1-gnLujpaS6UrZk8dYneducogALCQ="
		},
		"routie": {
			"version": "git+https://github.com/QAPInt/routie.git#42ac653a46241768f2ba4a9605e080ed49926918",
			"from": "git+https://github.com/QAPInt/routie.git#master"
		},
		"settings": {
			"version": "0.10.2",
			"resolved": "https://ewizard-storage-multitenant-eu-1.s3.eu-central-1.amazonaws.com/components/2bf3f9d0-37b1-11ea-8a6f-cf3eaae8f78c.tar.gz?X-Amz-Algorithm=AWS4-HMAC-SHA256&X-Amz-Credential=AKIAWPGVIVM476G4TOFH%2F20210119%2Feu-central-1%2Fs3%2Faws4_request&X-Amz-Date=20210119T043822Z&X-Amz-Expires=300&X-Amz-Signature=e10f82b5418a0434d7c4ab0f1a0f16fa1843ae0715ab2c230a812a2fa6351ae8&X-Amz-SignedHeaders=host&response-content-disposition=attachment%3Bfilename%2A%3DUTF-8%27%27settings.tar.gz",
			"integrity": "sha1-VdR/B+Mys2eNKkDA3mnUdDOmutM=",
			"requires": {
				"loader": "^0.2.0",
				"lodash-template": "1.0.0",
				"utils": "~1.6.5"
			}
		},
		"slide": {
			"version": "1.1.2",
			"resolved": "https://ewizard-storage-multitenant-eu-1.s3.eu-central-1.amazonaws.com/components/590c7fc76463ef002b792f5f.tar.gz?X-Amz-Algorithm=AWS4-HMAC-SHA256&X-Amz-Credential=AKIAWPGVIVM476G4TOFH%2F20210119%2Feu-central-1%2Fs3%2Faws4_request&X-Amz-Date=20210119T043823Z&X-Amz-Expires=300&X-Amz-Signature=0ddbc772151542a2dc206ae6d42ce05cb92670b46ea5c7ea633cc18eb0b0020c&X-Amz-SignedHeaders=host&response-content-disposition=attachment%3Bfilename%2A%3DUTF-8%27%27slide.tar.gz",
			"integrity": "sha1-+/luNnIR8RQYxnEG4X6EfrR0pfM="
		},
		"slideshow-popup": {
			"version": "0.0.11",
			"resolved": "https://ewizard-storage-multitenant-eu-1.s3.eu-central-1.amazonaws.com/components/5a0056a8f68274002d99c06c.tar.gz?X-Amz-Algorithm=AWS4-HMAC-SHA256&X-Amz-Credential=AKIAWPGVIVM476G4TOFH%2F20210119%2Feu-central-1%2Fs3%2Faws4_request&X-Amz-Date=20210119T043822Z&X-Amz-Expires=300&X-Amz-Signature=7ebde696c0dd8a5b36f00e56cb3410e025f9bd5366e8ee30d35478ad2668c4df&X-Amz-SignedHeaders=host&response-content-disposition=attachment%3Bfilename%2A%3DUTF-8%27%27slideshow-popup.tar.gz",
			"integrity": "sha1-c7Dp1WMAvQMbBZpgzoxYuz7eKIc=",
			"requires": {
				"chapter": "~1.3.2",
				"nav": "~1.7.6",
				"presentation-identifier": "~0.0.1",
				"slide": "~1.1.2"
			}
		},
		"spa": {
			"version": "3.6.5",
			"resolved": "https://ewizard-storage-multitenant-eu-1.s3.eu-central-1.amazonaws.com/components/e1d17360-e49d-11ea-91c6-b8f2b4966d56.tar.gz?X-Amz-Algorithm=AWS4-HMAC-SHA256&X-Amz-Credential=AKIAWPGVIVM476G4TOFH%2F20210119%2Feu-central-1%2Fs3%2Faws4_request&X-Amz-Date=20210119T043623Z&X-Amz-Expires=300&X-Amz-Signature=6bc6d7f81241e780f73567a343b5927b0c50ca31303bbd0d7e0c1e983ccbb924&X-Amz-SignedHeaders=host&response-content-disposition=attachment%3Bfilename%2A%3DUTF-8%27%27spa.tar.gz",
			"integrity": "sha1-PxbZnQz+k1fKsTCyGSC99Xj6pE4=",
			"requires": {
				"params": "~1.1.1",
				"polyfill": "~2.0.0",
				"prefixer": "~1.2.0",
				"presentation-identifier": "~0.0.1",
				"routie": "git+https://github.com/QAPInt/routie.git#master",
				"settings": "~0.10.0",
				"structure": "~1.5.0",
				"touch": "~1.5.0",
				"utils": "^1.5.0",
				"validate-nav": "~1.4.0"
			}
		},
		"structure": {
			"version": "1.5.3",
			"resolved": "https://ewizard-storage-multitenant-eu-1.s3.eu-central-1.amazonaws.com/components/5a958d8a3adcd6002d4951e3.tar.gz?X-Amz-Algorithm=AWS4-HMAC-SHA256&X-Amz-Credential=AKIAWPGVIVM476G4TOFH%2F20210119%2Feu-central-1%2Fs3%2Faws4_request&X-Amz-Date=20210119T043822Z&X-Amz-Expires=300&X-Amz-Signature=f6cfbf5e57f5d4a5d668d76f5085f32081093eff070b6f89e14d98cf11748ee8&X-Amz-SignedHeaders=host&response-content-disposition=attachment%3Bfilename%2A%3DUTF-8%27%27structure.tar.gz",
			"integrity": "sha1-LucU4RfmLGIzYRj38w4mIN56M3A=",
			"requires": {
				"utils": ">=0.0.11"
			}
		},
		"textable-component": {
			"version": "1.4.3",
			"resolved": "https://ewizard-storage-multitenant-eu-1.s3.eu-central-1.amazonaws.com/components/6e1784f0-36bf-11ea-9318-1089695a0931.tar.gz?X-Amz-Algorithm=AWS4-HMAC-SHA256&X-Amz-Credential=AKIAWPGVIVM476G4TOFH%2F20210119%2Feu-central-1%2Fs3%2Faws4_request&X-Amz-Date=20210119T043821Z&X-Amz-Expires=300&X-Amz-Signature=270c85888c6c1f5993694930bc953a0a341e24f7e24919b8da67b9e334994d97&X-Amz-SignedHeaders=host&response-content-disposition=attachment%3Bfilename%2A%3DUTF-8%27%27textable-component.tar.gz",
			"integrity": "sha1-+iPOtHT4rGWYSj3iIzP8mz5lUgY=",
			"requires": {
				"component": "~0.12.9"
			}
		},
		"touch": {
			"version": "1.5.7",
			"resolved": "https://ewizard-storage-multitenant-eu-1.s3.eu-central-1.amazonaws.com/components/21580490-49ca-11eb-827c-0085cc50a360.tar.gz?X-Amz-Algorithm=AWS4-HMAC-SHA256&X-Amz-Credential=AKIAWPGVIVM476G4TOFH%2F20210119%2Feu-central-1%2Fs3%2Faws4_request&X-Amz-Date=20210119T043822Z&X-Amz-Expires=300&X-Amz-Signature=db0d7058e53ed89492c23775140b372195311097d636557318b20d4104de5672&X-Amz-SignedHeaders=host&response-content-disposition=attachment%3Bfilename%2A%3DUTF-8%27%27touch.tar.gz",
			"integrity": "sha1-Eldm5ZL+rnKuOZXqgKUpBRM1IWE="
		},
		"utils": {
			"version": "1.6.5",
			"resolved": "https://ewizard-storage-multitenant-eu-1.s3.eu-central-1.amazonaws.com/components/5b040e38b4a3ab003778f15a.tar.gz?X-Amz-Algorithm=AWS4-HMAC-SHA256&X-Amz-Credential=AKIAWPGVIVM476G4TOFH%2F20210119%2Feu-central-1%2Fs3%2Faws4_request&X-Amz-Date=20210119T043822Z&X-Amz-Expires=300&X-Amz-Signature=b06c0181585ecff45fb6f87f769d0cf505500d705df9de1f023ada9956e5cbf8&X-Amz-SignedHeaders=host&response-content-disposition=attachment%3Bfilename%2A%3DUTF-8%27%27utils.tar.gz",
			"integrity": "sha1-AJQhr0NQNIkDTxZoQLcuprxf+bA="
		},
		"validate-nav": {
			"version": "1.4.0",
			"resolved": "https://ewizard-storage-multitenant-eu-1.s3.eu-central-1.amazonaws.com/components/5a00592af68274002d99c0ad.tar.gz?X-Amz-Algorithm=AWS4-HMAC-SHA256&X-Amz-Credential=AKIAWPGVIVM476G4TOFH%2F20210119%2Feu-central-1%2Fs3%2Faws4_request&X-Amz-Date=20210119T043822Z&X-Amz-Expires=300&X-Amz-Signature=978d88c57b133a14d7dbd6842983e9f958b2d9e9cfd0fbb64ea5ac084243212e&X-Amz-SignedHeaders=host&response-content-disposition=attachment%3Bfilename%2A%3DUTF-8%27%27validate-nav.tar.gz",
			"integrity": "sha1-kSAfoJ45/0//M9979jImXZmXnfk=",
			"requires": {
				"slideshow-popup": "~0.0.10"
			}
		}
	}
}
